
Microsoft Visual Studio Solution File, Format Version 12.00
# Visual Studio Version 16
VisualStudioVersion = 16.0.29418.71
MinimumVisualStudioVersion = 10.0.40219.1
Project("{FAE04EC0-301F-11D3-BF4B-00C04F79EFBC}") = "MvcHelloWorld45", "MvcHelloWorld45\MvcHelloWorld45.csproj", "{37F32E17-1D01-4A1D-A160-C421E71B6070}"
EndProject
Global
	GlobalSection(SolutionConfigurationPlatforms) = preSolution
		Debug|Any CPU = Debug|Any CPU
		Release|Any CPU = Release|Any CPU
	EndGlobalSection
	GlobalSection(ProjectConfigurationPlatforms) = postSolution
		{37F32E17-1D01-4A1D-A160-C421E71B6070}.Debug|Any CPU.ActiveCfg = Debug|Any CPU
		{37F32E17-1D01-4A1D-A160-C421E71B6070}.Debug|Any CPU.Build.0 = Debug|Any CPU
		{37F32E17-1D01-4A1D-A160-C421E71B6070}.Release|Any CPU.ActiveCfg = Release|Any CPU
		{37F32E17-1D01-4A1D-A160-C421E71B6070}.Release|Any CPU.Build.0 = Release|Any CPU
	EndGlobalSection
	GlobalSection(SolutionProperties) = preSolution
		HideSolutionNode = FALSE
	EndGlobalSection
	GlobalSection(ExtensibilityGlobals) = postSolution
		SolutionGuid = {27BD8E3A-47DA-47D8-86B8-F60F2E81CF5E}
	EndGlobalSection
EndGlobal
